
Microsoft Visual Studio Solution File, Format Version 12.00
# Visual Studio Version 17
VisualStudioVersion = 17.9.34723.18
MinimumVisualStudioVersion = 10.0.40219.1
Project("{FAE04EC0-301F-11D3-BF4B-00C04F79EFBC}") = "Biblioteca Clases", "Biblioteca Clases\Biblioteca Clases.csproj", "{C7901583-CCFB-49A3-9B76-1763AF7C6EFB}"
EndProject
Global
	GlobalSection(SolutionConfigurationPlatforms) = preSolution
		Debug|Any CPU = Debug|Any CPU
		Release|Any CPU = Release|Any CPU
	EndGlobalSection
	GlobalSection(ProjectConfigurationPlatforms) = postSolution
		{C7901583-CCFB-49A3-9B76-1763AF7C6EFB}.Debug|Any CPU.ActiveCfg = Debug|Any CPU
		{C7901583-CCFB-49A3-9B76-1763AF7C6EFB}.Debug|Any CPU.Build.0 = Debug|Any CPU
		{C7901583-CCFB-49A3-9B76-1763AF7C6EFB}.Release|Any CPU.ActiveCfg = Release|Any CPU
		{C7901583-CCFB-49A3-9B76-1763AF7C6EFB}.Release|Any CPU.Build.0 = Release|Any CPU
	EndGlobalSection
	GlobalSection(SolutionProperties) = preSolution
		HideSolutionNode = FALSE
	EndGlobalSection
	GlobalSection(ExtensibilityGlobals) = postSolution
		SolutionGuid = {64E48250-D6B5-4A49-B717-D772C2D1B12A}
	EndGlobalSection
EndGlobal
